
Microsoft Visual Studio Solution File, Format Version 12.00
# Visual Studio Version 17
VisualStudioVersion = 17.10.35027.167
MinimumVisualStudioVersion = 10.0.40219.1
Project("{FAE04EC0-301F-11D3-BF4B-00C04F79EFBC}") = "StoreApp.Web", "StoreApp.Web\StoreApp.Web.csproj", "{CAA5198D-EAB0-438D-A2E4-A4CC0A27D553}"
EndProject
Project("{FAE04EC0-301F-11D3-BF4B-00C04F79EFBC}") = "StoreApp.Data", "StoreApp.Data\StoreApp.Data.csproj", "{0A77104C-2B2B-4541-B402-D68CCC1E15A4}"
EndProject
Global
	GlobalSection(SolutionConfigurationPlatforms) = preSolution
		Debug|Any CPU = Debug|Any CPU
		Release|Any CPU = Release|Any CPU
	EndGlobalSection
	GlobalSection(ProjectConfigurationPlatforms) = postSolution
		{CAA5198D-EAB0-438D-A2E4-A4CC0A27D553}.Debug|Any CPU.ActiveCfg = Debug|Any CPU
		{CAA5198D-EAB0-438D-A2E4-A4CC0A27D553}.Debug|Any CPU.Build.0 = Debug|Any CPU
		{CAA5198D-EAB0-438D-A2E4-A4CC0A27D553}.Release|Any CPU.ActiveCfg = Release|Any CPU
		{CAA5198D-EAB0-438D-A2E4-A4CC0A27D553}.Release|Any CPU.Build.0 = Release|Any CPU
		{0A77104C-2B2B-4541-B402-D68CCC1E15A4}.Debug|Any CPU.ActiveCfg = Debug|Any CPU
		{0A77104C-2B2B-4541-B402-D68CCC1E15A4}.Debug|Any CPU.Build.0 = Debug|Any CPU
		{0A77104C-2B2B-4541-B402-D68CCC1E15A4}.Release|Any CPU.ActiveCfg = Release|Any CPU
		{0A77104C-2B2B-4541-B402-D68CCC1E15A4}.Release|Any CPU.Build.0 = Release|Any CPU
	EndGlobalSection
	GlobalSection(SolutionProperties) = preSolution
		HideSolutionNode = FALSE
	EndGlobalSection
	GlobalSection(ExtensibilityGlobals) = postSolution
		SolutionGuid = {BE8AAAA6-5103-479F-893B-56D15C8DCFB4}
	EndGlobalSection
EndGlobal
